{
  "name": "TestProject",
  "version": "1.0.0",
  "lockfileVersion": 1,
  "requires": true,
  "dependencies": {
    "angular-core": {
      "version": "0.0.5",
      "resolved": "https://registry.npmjs.org/angular-core/-/angular-core-0.0.5.tgz",
      "integrity": "sha1-4hVfyfyVjBBH/gzFgA+p3L39e4A="
    },
    "angular-forms": {
      "version": "0.0.1",
      "resolved": "https://registry.npmjs.org/angular-forms/-/angular-forms-0.0.1.tgz",
      "integrity": "sha1-9z+GItnTHXTRYnAnoaRaPU+MIZc="
    },
    "ng-module": {
      "version": "1.0.0",
      "resolved": "https://registry.npmjs.org/ng-module/-/ng-module-1.0.0.tgz",
      "integrity": "sha1-Sm5+zikWnW9MQsvqFCUqL8qSb8Y="
    }
  }
}
